
Microsoft Visual Studio Solution File, Format Version 12.00
# Visual Studio Version 17
VisualStudioVersion = 17.9.34723.18
MinimumVisualStudioVersion = 10.0.40219.1
Project("{FAE04EC0-301F-11D3-BF4B-00C04F79EFBC}") = "RobotShop", "RobotShop.csproj", "{7978B7B3-522B-4BD5-855F-8505456319FF}"
EndProject
Global
	GlobalSection(SolutionConfigurationPlatforms) = preSolution
		Debug|Any CPU = Debug|Any CPU
		Release|Any CPU = Release|Any CPU
	EndGlobalSection
	GlobalSection(ProjectConfigurationPlatforms) = postSolution
		{7978B7B3-522B-4BD5-855F-8505456319FF}.Debug|Any CPU.ActiveCfg = Debug|Any CPU
		{7978B7B3-522B-4BD5-855F-8505456319FF}.Debug|Any CPU.Build.0 = Debug|Any CPU
		{7978B7B3-522B-4BD5-855F-8505456319FF}.Release|Any CPU.ActiveCfg = Release|Any CPU
		{7978B7B3-522B-4BD5-855F-8505456319FF}.Release|Any CPU.Build.0 = Release|Any CPU
	EndGlobalSection
	GlobalSection(SolutionProperties) = preSolution
		HideSolutionNode = FALSE
	EndGlobalSection
	GlobalSection(ExtensibilityGlobals) = postSolution
		SolutionGuid = {17B70157-113F-4A2A-973F-4E3C2C238EEB}
	EndGlobalSection
EndGlobal
